
Microsoft Visual Studio Solution File, Format Version 12.00
# Visual Studio Version 17
VisualStudioVersion = 17.4.33122.133
MinimumVisualStudioVersion = 10.0.40219.1
Project("{9A19103F-16F7-4668-BE54-9A1E7A4F7556}") = "BetExpertAdministration", "BetExpertAdministration\BetExpertAdministration.csproj", "{92FADBBB-66E2-4F60-A8C1-248FF10ADC44}"
EndProject
Project("{9A19103F-16F7-4668-BE54-9A1E7A4F7556}") = "BetExpertWeb", "BetExpertWeb\BetExpertWeb.csproj", "{1B3BE663-8D98-4AD5-B3F2-F0C55EF7B50A}"
EndProject
Project("{9A19103F-16F7-4668-BE54-9A1E7A4F7556}") = "DataManagement", "DataManagement\DataManagement.csproj", "{731F5F8A-38F0-4D75-B3C9-A5C8A50C98F0}"
EndProject
Project("{9A19103F-16F7-4668-BE54-9A1E7A4F7556}") = "Domain", "Domain\Domain.csproj", "{AA1AFA7E-FA75-4EA3-96F6-4A3F26C37E0E}"
EndProject
Project("{FAE04EC0-301F-11D3-BF4B-00C04F79EFBC}") = "ApplicationTest", "ApplicationTest\ApplicationTest.csproj", "{6A2DDAF7-65C9-4F98-8F38-088F6590C113}"
EndProject
Global
	GlobalSection(SolutionConfigurationPlatforms) = preSolution
		Debug|Any CPU = Debug|Any CPU
		Release|Any CPU = Release|Any CPU
	EndGlobalSection
	GlobalSection(ProjectConfigurationPlatforms) = postSolution
		{92FADBBB-66E2-4F60-A8C1-248FF10ADC44}.Debug|Any CPU.ActiveCfg = Debug|Any CPU
		{92FADBBB-66E2-4F60-A8C1-248FF10ADC44}.Debug|Any CPU.Build.0 = Debug|Any CPU
		{92FADBBB-66E2-4F60-A8C1-248FF10ADC44}.Release|Any CPU.ActiveCfg = Release|Any CPU
		{92FADBBB-66E2-4F60-A8C1-248FF10ADC44}.Release|Any CPU.Build.0 = Release|Any CPU
		{1B3BE663-8D98-4AD5-B3F2-F0C55EF7B50A}.Debug|Any CPU.ActiveCfg = Debug|Any CPU
		{1B3BE663-8D98-4AD5-B3F2-F0C55EF7B50A}.Debug|Any CPU.Build.0 = Debug|Any CPU
		{1B3BE663-8D98-4AD5-B3F2-F0C55EF7B50A}.Release|Any CPU.ActiveCfg = Release|Any CPU
		{1B3BE663-8D98-4AD5-B3F2-F0C55EF7B50A}.Release|Any CPU.Build.0 = Release|Any CPU
		{731F5F8A-38F0-4D75-B3C9-A5C8A50C98F0}.Debug|Any CPU.ActiveCfg = Debug|Any CPU
		{731F5F8A-38F0-4D75-B3C9-A5C8A50C98F0}.Debug|Any CPU.Build.0 = Debug|Any CPU
		{731F5F8A-38F0-4D75-B3C9-A5C8A50C98F0}.Release|Any CPU.ActiveCfg = Release|Any CPU
		{731F5F8A-38F0-4D75-B3C9-A5C8A50C98F0}.Release|Any CPU.Build.0 = Release|Any CPU
		{AA1AFA7E-FA75-4EA3-96F6-4A3F26C37E0E}.Debug|Any CPU.ActiveCfg = Debug|Any CPU
		{AA1AFA7E-FA75-4EA3-96F6-4A3F26C37E0E}.Debug|Any CPU.Build.0 = Debug|Any CPU
		{AA1AFA7E-FA75-4EA3-96F6-4A3F26C37E0E}.Release|Any CPU.ActiveCfg = Release|Any CPU
		{AA1AFA7E-FA75-4EA3-96F6-4A3F26C37E0E}.Release|Any CPU.Build.0 = Release|Any CPU
		{6A2DDAF7-65C9-4F98-8F38-088F6590C113}.Debug|Any CPU.ActiveCfg = Debug|Any CPU
		{6A2DDAF7-65C9-4F98-8F38-088F6590C113}.Debug|Any CPU.Build.0 = Debug|Any CPU
		{6A2DDAF7-65C9-4F98-8F38-088F6590C113}.Release|Any CPU.ActiveCfg = Release|Any CPU
		{6A2DDAF7-65C9-4F98-8F38-088F6590C113}.Release|Any CPU.Build.0 = Release|Any CPU
	EndGlobalSection
	GlobalSection(SolutionProperties) = preSolution
		HideSolutionNode = FALSE
	EndGlobalSection
	GlobalSection(ExtensibilityGlobals) = postSolution
		SolutionGuid = {AE35500F-36A9-45EA-B752-C22D6FAAE37A}
	EndGlobalSection
EndGlobal
