
Microsoft Visual Studio Solution File, Format Version 12.00
# Visual Studio Version 17
VisualStudioVersion = 17.4.33122.133
MinimumVisualStudioVersion = 10.0.40219.1
Project("{FAE04EC0-301F-11D3-BF4B-00C04F79EFBC}") = "BetExpert", "BetExpert.csproj", "{95CCCE06-A3F4-415E-BE50-8348B51DE48C}"
EndProject
Global
	GlobalSection(SolutionConfigurationPlatforms) = preSolution
		Debug|Any CPU = Debug|Any CPU
		Release|Any CPU = Release|Any CPU
	EndGlobalSection
	GlobalSection(ProjectConfigurationPlatforms) = postSolution
		{95CCCE06-A3F4-415E-BE50-8348B51DE48C}.Debug|Any CPU.ActiveCfg = Debug|Any CPU
		{95CCCE06-A3F4-415E-BE50-8348B51DE48C}.Debug|Any CPU.Build.0 = Debug|Any CPU
		{95CCCE06-A3F4-415E-BE50-8348B51DE48C}.Release|Any CPU.ActiveCfg = Release|Any CPU
		{95CCCE06-A3F4-415E-BE50-8348B51DE48C}.Release|Any CPU.Build.0 = Release|Any CPU
	EndGlobalSection
	GlobalSection(SolutionProperties) = preSolution
		HideSolutionNode = FALSE
	EndGlobalSection
	GlobalSection(ExtensibilityGlobals) = postSolution
		SolutionGuid = {22D3F6CD-735F-4034-BDC4-98F8A6119FE8}
	EndGlobalSection
EndGlobal
